
Microsoft Visual Studio Solution File, Format Version 12.00
# Visual Studio Version 17
VisualStudioVersion = 17.8.34316.72
MinimumVisualStudioVersion = 10.0.40219.1
Project("{FAE04EC0-301F-11D3-BF4B-00C04F79EFBC}") = "Shopping Cart Book", "Shopping Cart Book\Shopping Cart Book.csproj", "{FD3A4A1C-F236-4903-A2CC-D43C46957CE3}"
EndProject
Global
	GlobalSection(SolutionConfigurationPlatforms) = preSolution
		Debug|Any CPU = Debug|Any CPU
		Release|Any CPU = Release|Any CPU
	EndGlobalSection
	GlobalSection(ProjectConfigurationPlatforms) = postSolution
		{FD3A4A1C-F236-4903-A2CC-D43C46957CE3}.Debug|Any CPU.ActiveCfg = Debug|Any CPU
		{FD3A4A1C-F236-4903-A2CC-D43C46957CE3}.Debug|Any CPU.Build.0 = Debug|Any CPU
		{FD3A4A1C-F236-4903-A2CC-D43C46957CE3}.Release|Any CPU.ActiveCfg = Release|Any CPU
		{FD3A4A1C-F236-4903-A2CC-D43C46957CE3}.Release|Any CPU.Build.0 = Release|Any CPU
	EndGlobalSection
	GlobalSection(SolutionProperties) = preSolution
		HideSolutionNode = FALSE
	EndGlobalSection
	GlobalSection(ExtensibilityGlobals) = postSolution
		SolutionGuid = {91DB0253-D0C0-4328-BD24-FFCDB747FEA9}
	EndGlobalSection
EndGlobal
